
Microsoft Visual Studio Solution File, Format Version 12.00
# Visual Studio Version 17
VisualStudioVersion = 17.5.33627.172
MinimumVisualStudioVersion = 10.0.40219.1
Project("{FAE04EC0-301F-11D3-BF4B-00C04F79EFBC}") = "Homework07", "Homework07\Homework07.csproj", "{6B12FDD2-B14F-4987-ABCF-007C6FA5BCC3}"
EndProject
Global
	GlobalSection(SolutionConfigurationPlatforms) = preSolution
		Debug|Any CPU = Debug|Any CPU
		Release|Any CPU = Release|Any CPU
	EndGlobalSection
	GlobalSection(ProjectConfigurationPlatforms) = postSolution
		{6B12FDD2-B14F-4987-ABCF-007C6FA5BCC3}.Debug|Any CPU.ActiveCfg = Debug|Any CPU
		{6B12FDD2-B14F-4987-ABCF-007C6FA5BCC3}.Debug|Any CPU.Build.0 = Debug|Any CPU
		{6B12FDD2-B14F-4987-ABCF-007C6FA5BCC3}.Release|Any CPU.ActiveCfg = Release|Any CPU
		{6B12FDD2-B14F-4987-ABCF-007C6FA5BCC3}.Release|Any CPU.Build.0 = Release|Any CPU
	EndGlobalSection
	GlobalSection(SolutionProperties) = preSolution
		HideSolutionNode = FALSE
	EndGlobalSection
	GlobalSection(ExtensibilityGlobals) = postSolution
		SolutionGuid = {C780C205-1BEA-495B-8B3D-BEF786D40929}
	EndGlobalSection
EndGlobal
